
Microsoft Visual Studio Solution File, Format Version 12.00
# Visual Studio 2012
Project("{FAE04EC0-301F-11D3-BF4B-00C04F79EFBC}") = "LawTest", "LawTest\LawTest.csproj", "{8A506021-D705-457B-AD9A-41F3856F67E2}"
EndProject
Global
	GlobalSection(SolutionConfigurationPlatforms) = preSolution
		Debug|Any CPU = Debug|Any CPU
		Release|Any CPU = Release|Any CPU
	EndGlobalSection
	GlobalSection(ProjectConfigurationPlatforms) = postSolution
		{8A506021-D705-457B-AD9A-41F3856F67E2}.Debug|Any CPU.ActiveCfg = Debug|Any CPU
		{8A506021-D705-457B-AD9A-41F3856F67E2}.Debug|Any CPU.Build.0 = Debug|Any CPU
		{8A506021-D705-457B-AD9A-41F3856F67E2}.Release|Any CPU.ActiveCfg = Release|Any CPU
		{8A506021-D705-457B-AD9A-41F3856F67E2}.Release|Any CPU.Build.0 = Release|Any CPU
	EndGlobalSection
	GlobalSection(SolutionProperties) = preSolution
		HideSolutionNode = FALSE
	EndGlobalSection
EndGlobal
